
Microsoft Visual Studio Solution File, Format Version 12.00
# Visual Studio Version 16
VisualStudioVersion = 16.0.31205.134
MinimumVisualStudioVersion = 10.0.40219.1
Project("{FAE04EC0-301F-11D3-BF4B-00C04F79EFBC}") = "HCFarming", "HCFarming\HCFarming.csproj", "{4E8538E0-E63E-4973-BAF4-47299D9EA6B2}"
EndProject
Global
	GlobalSection(SolutionConfigurationPlatforms) = preSolution
		Debug|Any CPU = Debug|Any CPU
		Release|Any CPU = Release|Any CPU
	EndGlobalSection
	GlobalSection(ProjectConfigurationPlatforms) = postSolution
		{4E8538E0-E63E-4973-BAF4-47299D9EA6B2}.Debug|Any CPU.ActiveCfg = Debug|Any CPU
		{4E8538E0-E63E-4973-BAF4-47299D9EA6B2}.Debug|Any CPU.Build.0 = Debug|Any CPU
		{4E8538E0-E63E-4973-BAF4-47299D9EA6B2}.Release|Any CPU.ActiveCfg = Release|Any CPU
		{4E8538E0-E63E-4973-BAF4-47299D9EA6B2}.Release|Any CPU.Build.0 = Release|Any CPU
	EndGlobalSection
	GlobalSection(SolutionProperties) = preSolution
		HideSolutionNode = FALSE
	EndGlobalSection
	GlobalSection(ExtensibilityGlobals) = postSolution
		SolutionGuid = {0FB23923-E7FF-46E4-AB50-473F251D292E}
	EndGlobalSection
EndGlobal
